
Microsoft Visual Studio Solution File, Format Version 12.00
# Visual Studio Version 17
VisualStudioVersion = 17.13.35931.197
MinimumVisualStudioVersion = 10.0.40219.1
Project("{FAE04EC0-301F-11D3-BF4B-00C04F79EFBC}") = "PrimoProgettoBlazor", "PrimoProgettoBlazor\PrimoProgettoBlazor.csproj", "{5A1E76CF-888F-4E1B-AAA7-8C89E954C717}"
EndProject
Global
	GlobalSection(SolutionConfigurationPlatforms) = preSolution
		Debug|Any CPU = Debug|Any CPU
		Release|Any CPU = Release|Any CPU
	EndGlobalSection
	GlobalSection(ProjectConfigurationPlatforms) = postSolution
		{5A1E76CF-888F-4E1B-AAA7-8C89E954C717}.Debug|Any CPU.ActiveCfg = Debug|Any CPU
		{5A1E76CF-888F-4E1B-AAA7-8C89E954C717}.Debug|Any CPU.Build.0 = Debug|Any CPU
		{5A1E76CF-888F-4E1B-AAA7-8C89E954C717}.Release|Any CPU.ActiveCfg = Release|Any CPU
		{5A1E76CF-888F-4E1B-AAA7-8C89E954C717}.Release|Any CPU.Build.0 = Release|Any CPU
	EndGlobalSection
	GlobalSection(SolutionProperties) = preSolution
		HideSolutionNode = FALSE
	EndGlobalSection
	GlobalSection(ExtensibilityGlobals) = postSolution
		SolutionGuid = {9DB30E62-E40E-49BF-9AD0-8BED5BA42B4C}
	EndGlobalSection
EndGlobal
